{
  "name": "typescript-variable",
  "version": "1.0.0",
  "lockfileVersion": 1,
  "requires": true,
  "dependencies": {
    "typescript": {
      "version": "5.2.0-dev.20230719",
      "resolved": "https://registry.npmjs.org/typescript/-/typescript-5.2.0-dev.20230719.tgz",
      "integrity": "sha512-GOt7vOkrLjQ7hGNUO+9VyV4nf7/gQz3NM37f6r8RVeXY1Wu+McCi7IO94ZuQWYUYrO+h/WjoTSk8HjhEVhEESQ==",
      "dev": true
    }
  }
}
